
Microsoft Visual Studio Solution File, Format Version 12.00
# Visual Studio Version 16
VisualStudioVersion = 16.0.32929.386
MinimumVisualStudioVersion = 10.0.40219.1
Project("{FAE04EC0-301F-11D3-BF4B-00C04F79EFBC}") = "Extentions", "Extentions\Extentions.csproj", "{44086209-293D-4E26-9DCA-6182590BC234}"
EndProject
Project("{FAE04EC0-301F-11D3-BF4B-00C04F79EFBC}") = "TestDll", "TestDll\TestDll.csproj", "{D832F4F1-3B2D-4311-A9F8-6FDB748D6AD4}"
	ProjectSection(ProjectDependencies) = postProject
		{44086209-293D-4E26-9DCA-6182590BC234} = {44086209-293D-4E26-9DCA-6182590BC234}
	EndProjectSection
EndProject
Global
	GlobalSection(SolutionConfigurationPlatforms) = preSolution
		Debug|Any CPU = Debug|Any CPU
		Release|Any CPU = Release|Any CPU
	EndGlobalSection
	GlobalSection(ProjectConfigurationPlatforms) = postSolution
		{44086209-293D-4E26-9DCA-6182590BC234}.Debug|Any CPU.ActiveCfg = Debug|Any CPU
		{44086209-293D-4E26-9DCA-6182590BC234}.Debug|Any CPU.Build.0 = Debug|Any CPU
		{44086209-293D-4E26-9DCA-6182590BC234}.Release|Any CPU.ActiveCfg = Release|Any CPU
		{44086209-293D-4E26-9DCA-6182590BC234}.Release|Any CPU.Build.0 = Release|Any CPU
		{D832F4F1-3B2D-4311-A9F8-6FDB748D6AD4}.Debug|Any CPU.ActiveCfg = Debug|Any CPU
		{D832F4F1-3B2D-4311-A9F8-6FDB748D6AD4}.Debug|Any CPU.Build.0 = Debug|Any CPU
		{D832F4F1-3B2D-4311-A9F8-6FDB748D6AD4}.Release|Any CPU.ActiveCfg = Release|Any CPU
		{D832F4F1-3B2D-4311-A9F8-6FDB748D6AD4}.Release|Any CPU.Build.0 = Release|Any CPU
	EndGlobalSection
	GlobalSection(SolutionProperties) = preSolution
		HideSolutionNode = FALSE
	EndGlobalSection
	GlobalSection(ExtensibilityGlobals) = postSolution
		SolutionGuid = {FB3D946E-CDA1-4CFF-9045-0D1004D69617}
	EndGlobalSection
EndGlobal
